
Microsoft Visual Studio Solution File, Format Version 12.00
# Visual Studio Version 17
VisualStudioVersion = 17.13.35806.99 d17.13
MinimumVisualStudioVersion = 10.0.40219.1
Project("{FAE04EC0-301F-11D3-BF4B-00C04F79EFBC}") = "mmService", "mmService.csproj", "{6E0FA737-E451-4D73-84A2-6B08BBBE2601}"
EndProject
Global
	GlobalSection(SolutionConfigurationPlatforms) = preSolution
		Debug|Any CPU = Debug|Any CPU
		Release|Any CPU = Release|Any CPU
	EndGlobalSection
	GlobalSection(ProjectConfigurationPlatforms) = postSolution
		{6E0FA737-E451-4D73-84A2-6B08BBBE2601}.Debug|Any CPU.ActiveCfg = Debug|Any CPU
		{6E0FA737-E451-4D73-84A2-6B08BBBE2601}.Debug|Any CPU.Build.0 = Debug|Any CPU
		{6E0FA737-E451-4D73-84A2-6B08BBBE2601}.Release|Any CPU.ActiveCfg = Release|Any CPU
		{6E0FA737-E451-4D73-84A2-6B08BBBE2601}.Release|Any CPU.Build.0 = Release|Any CPU
	EndGlobalSection
	GlobalSection(SolutionProperties) = preSolution
		HideSolutionNode = FALSE
	EndGlobalSection
	GlobalSection(ExtensibilityGlobals) = postSolution
		SolutionGuid = {DE674AA5-7321-4A06-B3BA-DE235C461E2F}
	EndGlobalSection
EndGlobal
